
Microsoft Visual Studio Solution File, Format Version 12.00
# Visual Studio 2012
Project("{FAE04EC0-301F-11D3-BF4B-00C04F79EFBC}") = "WebSizerDemo1", "WebSizerDemo1.csproj", "{981ECC09-17B8-4C83-888B-D13FFC7673AB}"
EndProject
Global
	GlobalSection(DPCodeReviewSolutionGUID) = preSolution
		DPCodeReviewSolutionGUID = {00000000-0000-0000-0000-000000000000}
	EndGlobalSection
	GlobalSection(SolutionConfigurationPlatforms) = preSolution
		Debug|Any CPU = Debug|Any CPU
		Release|Any CPU = Release|Any CPU
	EndGlobalSection
	GlobalSection(ProjectConfigurationPlatforms) = postSolution
		{981ECC09-17B8-4C83-888B-D13FFC7673AB}.Debug|Any CPU.ActiveCfg = Debug|Any CPU
		{981ECC09-17B8-4C83-888B-D13FFC7673AB}.Debug|Any CPU.Build.0 = Debug|Any CPU
		{981ECC09-17B8-4C83-888B-D13FFC7673AB}.Release|Any CPU.ActiveCfg = Release|Any CPU
		{981ECC09-17B8-4C83-888B-D13FFC7673AB}.Release|Any CPU.Build.0 = Release|Any CPU
	EndGlobalSection
	GlobalSection(SolutionProperties) = preSolution
		HideSolutionNode = FALSE
	EndGlobalSection
EndGlobal
